
Microsoft Visual Studio Solution File, Format Version 12.00
# Visual Studio Version 17
VisualStudioVersion = 17.3.32929.385
MinimumVisualStudioVersion = 10.0.40219.1
Project("{FAE04EC0-301F-11D3-BF4B-00C04F79EFBC}") = "addingNumbers", "addingNumbers\addingNumbers.csproj", "{14C37ED6-D60A-4ECC-A753-CD4AF4D69600}"
EndProject
Global
	GlobalSection(SolutionConfigurationPlatforms) = preSolution
		Debug|Any CPU = Debug|Any CPU
		Release|Any CPU = Release|Any CPU
	EndGlobalSection
	GlobalSection(ProjectConfigurationPlatforms) = postSolution
		{14C37ED6-D60A-4ECC-A753-CD4AF4D69600}.Debug|Any CPU.ActiveCfg = Debug|Any CPU
		{14C37ED6-D60A-4ECC-A753-CD4AF4D69600}.Debug|Any CPU.Build.0 = Debug|Any CPU
		{14C37ED6-D60A-4ECC-A753-CD4AF4D69600}.Release|Any CPU.ActiveCfg = Release|Any CPU
		{14C37ED6-D60A-4ECC-A753-CD4AF4D69600}.Release|Any CPU.Build.0 = Release|Any CPU
	EndGlobalSection
	GlobalSection(SolutionProperties) = preSolution
		HideSolutionNode = FALSE
	EndGlobalSection
	GlobalSection(ExtensibilityGlobals) = postSolution
		SolutionGuid = {9EB8C09D-5BA8-46C9-A9B3-F295ADE439AE}
	EndGlobalSection
EndGlobal
