
Microsoft Visual Studio Solution File, Format Version 12.00
# Visual Studio Version 17
VisualStudioVersion = 17.3.32929.385
MinimumVisualStudioVersion = 10.0.40219.1
Project("{FAE04EC0-301F-11D3-BF4B-00C04F79EFBC}") = "properties exercise", "properties exercise\properties exercise.csproj", "{9CE50CEC-AE51-4C95-8EED-62E8D8216115}"
EndProject
Global
	GlobalSection(SolutionConfigurationPlatforms) = preSolution
		Debug|Any CPU = Debug|Any CPU
		Release|Any CPU = Release|Any CPU
	EndGlobalSection
	GlobalSection(ProjectConfigurationPlatforms) = postSolution
		{9CE50CEC-AE51-4C95-8EED-62E8D8216115}.Debug|Any CPU.ActiveCfg = Debug|Any CPU
		{9CE50CEC-AE51-4C95-8EED-62E8D8216115}.Debug|Any CPU.Build.0 = Debug|Any CPU
		{9CE50CEC-AE51-4C95-8EED-62E8D8216115}.Release|Any CPU.ActiveCfg = Release|Any CPU
		{9CE50CEC-AE51-4C95-8EED-62E8D8216115}.Release|Any CPU.Build.0 = Release|Any CPU
	EndGlobalSection
	GlobalSection(SolutionProperties) = preSolution
		HideSolutionNode = FALSE
	EndGlobalSection
	GlobalSection(ExtensibilityGlobals) = postSolution
		SolutionGuid = {CE3C1FBA-3669-4864-A549-241CA135DD0B}
	EndGlobalSection
EndGlobal
