
Microsoft Visual Studio Solution File, Format Version 12.00
# Visual Studio Version 17
VisualStudioVersion = 17.3.32929.385
MinimumVisualStudioVersion = 10.0.40219.1
Project("{FAE04EC0-301F-11D3-BF4B-00C04F79EFBC}") = "money", "money\money.csproj", "{5B00B7DE-D372-486A-962F-3D56A2671515}"
EndProject
Global
	GlobalSection(SolutionConfigurationPlatforms) = preSolution
		Debug|Any CPU = Debug|Any CPU
		Release|Any CPU = Release|Any CPU
	EndGlobalSection
	GlobalSection(ProjectConfigurationPlatforms) = postSolution
		{5B00B7DE-D372-486A-962F-3D56A2671515}.Debug|Any CPU.ActiveCfg = Debug|Any CPU
		{5B00B7DE-D372-486A-962F-3D56A2671515}.Debug|Any CPU.Build.0 = Debug|Any CPU
		{5B00B7DE-D372-486A-962F-3D56A2671515}.Release|Any CPU.ActiveCfg = Release|Any CPU
		{5B00B7DE-D372-486A-962F-3D56A2671515}.Release|Any CPU.Build.0 = Release|Any CPU
	EndGlobalSection
	GlobalSection(SolutionProperties) = preSolution
		HideSolutionNode = FALSE
	EndGlobalSection
	GlobalSection(ExtensibilityGlobals) = postSolution
		SolutionGuid = {CC12E85A-751A-4EED-BA41-5DB6920CE703}
	EndGlobalSection
EndGlobal
